
Microsoft Visual Studio Solution File, Format Version 12.00
# Visual Studio Version 16
VisualStudioVersion = 16.0.31613.86
MinimumVisualStudioVersion = 10.0.40219.1
Project("{9A19103F-16F7-4668-BE54-9A1E7A4F7556}") = "HackaXP", "HackaXP\HackaXP.csproj", "{1ECC1188-8EAC-4FAC-B795-3F948C69A366}"
EndProject
Project("{FAE04EC0-301F-11D3-BF4B-00C04F79EFBC}") = "HackaXP.Business", "HackaXP.Business\HackaXP.Business.csproj", "{49677BB7-EC31-45A5-B634-F6D4D4C5D6CB}"
EndProject
Global
	GlobalSection(SolutionConfigurationPlatforms) = preSolution
		Debug|Any CPU = Debug|Any CPU
		Release|Any CPU = Release|Any CPU
	EndGlobalSection
	GlobalSection(ProjectConfigurationPlatforms) = postSolution
		{1ECC1188-8EAC-4FAC-B795-3F948C69A366}.Debug|Any CPU.ActiveCfg = Debug|Any CPU
		{1ECC1188-8EAC-4FAC-B795-3F948C69A366}.Debug|Any CPU.Build.0 = Debug|Any CPU
		{1ECC1188-8EAC-4FAC-B795-3F948C69A366}.Release|Any CPU.ActiveCfg = Release|Any CPU
		{1ECC1188-8EAC-4FAC-B795-3F948C69A366}.Release|Any CPU.Build.0 = Release|Any CPU
		{49677BB7-EC31-45A5-B634-F6D4D4C5D6CB}.Debug|Any CPU.ActiveCfg = Debug|Any CPU
		{49677BB7-EC31-45A5-B634-F6D4D4C5D6CB}.Debug|Any CPU.Build.0 = Debug|Any CPU
		{49677BB7-EC31-45A5-B634-F6D4D4C5D6CB}.Release|Any CPU.ActiveCfg = Release|Any CPU
		{49677BB7-EC31-45A5-B634-F6D4D4C5D6CB}.Release|Any CPU.Build.0 = Release|Any CPU
	EndGlobalSection
	GlobalSection(SolutionProperties) = preSolution
		HideSolutionNode = FALSE
	EndGlobalSection
	GlobalSection(ExtensibilityGlobals) = postSolution
		SolutionGuid = {83875D7B-3DB1-4E42-A5B4-50B592CD0F20}
	EndGlobalSection
EndGlobal
